
Microsoft Visual Studio Solution File, Format Version 12.00
# Visual Studio Version 16
VisualStudioVersion = 16.0.31410.357
MinimumVisualStudioVersion = 10.0.40219.1
Project("{2150E333-8FDC-42A3-9474-1A3956D46DE8}") = "Tests", "Tests", "{F963EA2C-A4B2-4DD2-B948-436A2B5439D9}"
EndProject
Project("{FAE04EC0-301F-11D3-BF4B-00C04F79EFBC}") = "ms-test-working-with-sorting-algorigthms", "tests\ms-test-working-with-sorting-algorigthms\ms-test-working-with-sorting-algorigthms.csproj", "{0B8E2A2C-AF99-475B-9D1C-7CCAAD243AE3}"
EndProject
Project("{FAE04EC0-301F-11D3-BF4B-00C04F79EFBC}") = "nunit-working-with-sorting-algorigthms", "tests\nunit-working-with-sorting-algorigthms\nunit-working-with-sorting-algorigthms.csproj", "{F34E1400-D30C-47F5-9E06-7541596BF8C0}"
EndProject
Project("{FAE04EC0-301F-11D3-BF4B-00C04F79EFBC}") = "lib", "lib\lib.csproj", "{876236FF-9E9B-4C87-B3DE-B1FC9D1A47D0}"
EndProject
Project("{FAE04EC0-301F-11D3-BF4B-00C04F79EFBC}") = "app", "app\app.csproj", "{E571394E-6AD9-4B16-8B38-98EAC90B47CB}"
EndProject
Global
	GlobalSection(SolutionConfigurationPlatforms) = preSolution
		Debug|Any CPU = Debug|Any CPU
		Release|Any CPU = Release|Any CPU
	EndGlobalSection
	GlobalSection(ProjectConfigurationPlatforms) = postSolution
		{0B8E2A2C-AF99-475B-9D1C-7CCAAD243AE3}.Debug|Any CPU.ActiveCfg = Debug|Any CPU
		{0B8E2A2C-AF99-475B-9D1C-7CCAAD243AE3}.Debug|Any CPU.Build.0 = Debug|Any CPU
		{0B8E2A2C-AF99-475B-9D1C-7CCAAD243AE3}.Release|Any CPU.ActiveCfg = Release|Any CPU
		{0B8E2A2C-AF99-475B-9D1C-7CCAAD243AE3}.Release|Any CPU.Build.0 = Release|Any CPU
		{F34E1400-D30C-47F5-9E06-7541596BF8C0}.Debug|Any CPU.ActiveCfg = Debug|Any CPU
		{F34E1400-D30C-47F5-9E06-7541596BF8C0}.Debug|Any CPU.Build.0 = Debug|Any CPU
		{F34E1400-D30C-47F5-9E06-7541596BF8C0}.Release|Any CPU.ActiveCfg = Release|Any CPU
		{F34E1400-D30C-47F5-9E06-7541596BF8C0}.Release|Any CPU.Build.0 = Release|Any CPU
		{876236FF-9E9B-4C87-B3DE-B1FC9D1A47D0}.Debug|Any CPU.ActiveCfg = Debug|Any CPU
		{876236FF-9E9B-4C87-B3DE-B1FC9D1A47D0}.Debug|Any CPU.Build.0 = Debug|Any CPU
		{876236FF-9E9B-4C87-B3DE-B1FC9D1A47D0}.Release|Any CPU.ActiveCfg = Release|Any CPU
		{876236FF-9E9B-4C87-B3DE-B1FC9D1A47D0}.Release|Any CPU.Build.0 = Release|Any CPU
		{E571394E-6AD9-4B16-8B38-98EAC90B47CB}.Debug|Any CPU.ActiveCfg = Debug|Any CPU
		{E571394E-6AD9-4B16-8B38-98EAC90B47CB}.Debug|Any CPU.Build.0 = Debug|Any CPU
		{E571394E-6AD9-4B16-8B38-98EAC90B47CB}.Release|Any CPU.ActiveCfg = Release|Any CPU
		{E571394E-6AD9-4B16-8B38-98EAC90B47CB}.Release|Any CPU.Build.0 = Release|Any CPU
	EndGlobalSection
	GlobalSection(SolutionProperties) = preSolution
		HideSolutionNode = FALSE
	EndGlobalSection
	GlobalSection(NestedProjects) = preSolution
		{0B8E2A2C-AF99-475B-9D1C-7CCAAD243AE3} = {F963EA2C-A4B2-4DD2-B948-436A2B5439D9}
		{F34E1400-D30C-47F5-9E06-7541596BF8C0} = {F963EA2C-A4B2-4DD2-B948-436A2B5439D9}
	EndGlobalSection
	GlobalSection(ExtensibilityGlobals) = postSolution
		SolutionGuid = {1262AA49-E188-4B00-9263-1A581956242E}
	EndGlobalSection
EndGlobal
